{
  "object": {
    "pins": [
      {
        "package": "Segment",
        "repositoryURL": "https://github.com/usespeakeasy/analytics-ios",
        "state": {
          "branch": null,
          "revision": "964704db7158ad56e2a7d9530c2afa20d42f757a",
          "version": "1.0.1"
        }
      },
      {
        "package": "AppsFlyerLib",
        "repositoryURL": "https://github.com/AppsFlyerSDK/AppsFlyerFramework.git",
        "state": {
          "branch": null,
          "revision": "9af29d0e961580213771cd71e09ae81a472ed72e",
          "version": "6.17.2"
        }
      }
    ]
  },
  "version": 1
}
